
Microsoft Visual Studio Solution File, Format Version 12.00
# Visual Studio Version 17
VisualStudioVersion = 17.4.33213.308
MinimumVisualStudioVersion = 10.0.40219.1
Project("{9A19103F-16F7-4668-BE54-9A1E7A4F7556}") = "R13", "R13\R13.csproj", "{9319771A-016F-419A-B3A3-8C2911CBBB61}"
EndProject
Project("{54435603-DBB4-11D2-8724-00A0C9A8B90C}") = "R13Installer", "R13Installer\R13Installer.vdproj", "{BA04627E-291D-4A93-BD3F-68EBF405AA6E}"
EndProject
Global
	GlobalSection(SolutionConfigurationPlatforms) = preSolution
		Debug|Any CPU = Debug|Any CPU
		Release|Any CPU = Release|Any CPU
	EndGlobalSection
	GlobalSection(ProjectConfigurationPlatforms) = postSolution
		{9319771A-016F-419A-B3A3-8C2911CBBB61}.Debug|Any CPU.ActiveCfg = Debug|Any CPU
		{9319771A-016F-419A-B3A3-8C2911CBBB61}.Debug|Any CPU.Build.0 = Debug|Any CPU
		{9319771A-016F-419A-B3A3-8C2911CBBB61}.Release|Any CPU.ActiveCfg = Release|Any CPU
		{9319771A-016F-419A-B3A3-8C2911CBBB61}.Release|Any CPU.Build.0 = Release|Any CPU
		{BA04627E-291D-4A93-BD3F-68EBF405AA6E}.Debug|Any CPU.ActiveCfg = Debug
		{BA04627E-291D-4A93-BD3F-68EBF405AA6E}.Release|Any CPU.ActiveCfg = Release
	EndGlobalSection
	GlobalSection(SolutionProperties) = preSolution
		HideSolutionNode = FALSE
	EndGlobalSection
	GlobalSection(ExtensibilityGlobals) = postSolution
		SolutionGuid = {ED8D559F-2A25-491E-9249-AFB3AAB30F26}
	EndGlobalSection
EndGlobal
